Microsoft Visual Studio Solution File, Format Version 12.00
# Visual Studio Version 17
VisualStudioVersion = 17.13.35931.197
MinimumVisualStudioVersion = 10.0.40219.1
Project("{FAE04EC0-301F-11D3-BF4B-00C04F79EFBC}") = "KSeF.Client", "KSeF.Client\KSeF.Client.csproj", "{06CD3541-021B-4894-BB09-37C35DD8857F}"
EndProject
Project("{FAE04EC0-301F-11D3-BF4B-00C04F79EFBC}") = "KSeF.DemoWebApp", "KSeF.DemoWebApp\KSeF.DemoWebApp.csproj", "{E2F674DC-A0CD-4667-B6EF-D6DBDEB91643}"
EndProject
Project("{FAE04EC0-301F-11D3-BF4B-00C04F79EFBC}") = "KSeF.Client.Tests", "KSeF.Client.Tests\KSeF.Client.Tests.csproj", "{9499C433-C6EE-42B1-9B77-69E94D5D73AF}"
EndProject
Project("{FAE04EC0-301F-11D3-BF4B-00C04F79EFBC}") = "KSeF.Client.Tests.Core", "KSeF.Client.Tests.Core\KSeF.Client.Tests.Core.csproj", "{3B49217B-5A1C-4429-B788-9085A73ED910}"
EndProject
Project("{FAE04EC0-301F-11D3-BF4B-00C04F79EFBC}") = "KSeF.Client.Tests.Utils", "KSeF.Client.Tests.Utils\KSeF.Client.Tests.Utils.csproj", "{8FDAEE4D-9405-4E9D-9EC5-55FBAC2B8714}"
EndProject
Project("{FAE04EC0-301F-11D3-BF4B-00C04F79EFBC}") = "KSeF.Client.Core", "KSeF.Client.Core\KSeF.Client.Core.csproj", "{062608DE-A11F-4316-BE2D-C2AC4F1D3BD4}"
EndProject
Project("{FAE04EC0-301F-11D3-BF4B-00C04F79EFBC}") = "KSeF.Client.Tests.CertTestApp", "KSeF.Client.Tests.CertTestApp\KSeF.Client.Tests.CertTestApp.csproj", "{0BD2C922-DB7D-4F24-8D68-8E186A32E020}"
EndProject
Global
	GlobalSection(SolutionConfigurationPlatforms) = preSolution
		Debug|Any CPU = Debug|Any CPU
		Release|Any CPU = Release|Any CPU
	EndGlobalSection
	GlobalSection(ProjectConfigurationPlatforms) = postSolution
		{06CD3541-021B-4894-BB09-37C35DD8857F}.Debug|Any CPU.ActiveCfg = Debug|Any CPU
		{06CD3541-021B-4894-BB09-37C35DD8857F}.Debug|Any CPU.Build.0 = Debug|Any CPU
		{06CD3541-021B-4894-BB09-37C35DD8857F}.Release|Any CPU.ActiveCfg = Release|Any CPU
		{06CD3541-021B-4894-BB09-37C35DD8857F}.Release|Any CPU.Build.0 = Release|Any CPU
		{E2F674DC-A0CD-4667-B6EF-D6DBDEB91643}.Debug|Any CPU.ActiveCfg = Debug|Any CPU
		{E2F674DC-A0CD-4667-B6EF-D6DBDEB91643}.Debug|Any CPU.Build.0 = Debug|Any CPU
		{E2F674DC-A0CD-4667-B6EF-D6DBDEB91643}.Release|Any CPU.ActiveCfg = Release|Any CPU
		{E2F674DC-A0CD-4667-B6EF-D6DBDEB91643}.Release|Any CPU.Build.0 = Release|Any CPU
		{9499C433-C6EE-42B1-9B77-69E94D5D73AF}.Debug|Any CPU.ActiveCfg = Debug|Any CPU
		{9499C433-C6EE-42B1-9B77-69E94D5D73AF}.Debug|Any CPU.Build.0 = Debug|Any CPU
		{9499C433-C6EE-42B1-9B77-69E94D5D73AF}.Release|Any CPU.ActiveCfg = Release|Any CPU
		{9499C433-C6EE-42B1-9B77-69E94D5D73AF}.Release|Any CPU.Build.0 = Release|Any CPU
		{3B49217B-5A1C-4429-B788-9085A73ED910}.Debug|Any CPU.ActiveCfg = Debug|Any CPU
		{3B49217B-5A1C-4429-B788-9085A73ED910}.Debug|Any CPU.Build.0 = Debug|Any CPU
		{3B49217B-5A1C-4429-B788-9085A73ED910}.Release|Any CPU.ActiveCfg = Release|Any CPU
		{3B49217B-5A1C-4429-B788-9085A73ED910}.Release|Any CPU.Build.0 = Release|Any CPU
		{8FDAEE4D-9405-4E9D-9EC5-55FBAC2B8714}.Debug|Any CPU.ActiveCfg = Debug|Any CPU
		{8FDAEE4D-9405-4E9D-9EC5-55FBAC2B8714}.Debug|Any CPU.Build.0 = Debug|Any CPU
		{8FDAEE4D-9405-4E9D-9EC5-55FBAC2B8714}.Release|Any CPU.ActiveCfg = Release|Any CPU
		{8FDAEE4D-9405-4E9D-9EC5-55FBAC2B8714}.Release|Any CPU.Build.0 = Release|Any CPU
		{062608DE-A11F-4316-BE2D-C2AC4F1D3BD4}.Debug|Any CPU.ActiveCfg = Debug|Any CPU
		{062608DE-A11F-4316-BE2D-C2AC4F1D3BD4}.Debug|Any CPU.Build.0 = Debug|Any CPU
		{062608DE-A11F-4316-BE2D-C2AC4F1D3BD4}.Release|Any CPU.ActiveCfg = Release|Any CPU
		{062608DE-A11F-4316-BE2D-C2AC4F1D3BD4}.Release|Any CPU.Build.0 = Release|Any CPU
		{0BD2C922-DB7D-4F24-8D68-8E186A32E020}.Debug|Any CPU.ActiveCfg = Debug|Any CPU
		{0BD2C922-DB7D-4F24-8D68-8E186A32E020}.Debug|Any CPU.Build.0 = Debug|Any CPU
		{0BD2C922-DB7D-4F24-8D68-8E186A32E020}.Release|Any CPU.ActiveCfg = Release|Any CPU
		{0BD2C922-DB7D-4F24-8D68-8E186A32E020}.Release|Any CPU.Build.0 = Release|Any CPU
	EndGlobalSection
	GlobalSection(SolutionProperties) = preSolution
		HideSolutionNode = FALSE
	EndGlobalSection
	GlobalSection(ExtensibilityGlobals) = postSolution
		SolutionGuid = {86FA77FC-DB2D-4DBF-85A1-DD9DF438BA20}
	EndGlobalSection
EndGlobal
